
Microsoft Visual Studio Solution File, Format Version 12.00
# Visual Studio Version 17
VisualStudioVersion = 17.14.36301.6 d17.14
MinimumVisualStudioVersion = 10.0.40219.1
Project("{FAE04EC0-301F-11D3-BF4B-00C04F79EFBC}") = "HTMLToPDFUsingDinkPDF", "HTMLToPDFDemo\HTMLToPDFUsingDinkPDF.csproj", "{F239EE52-0270-46D2-AE42-535C1CA4D04B}"
EndProject
Global
	GlobalSection(SolutionConfigurationPlatforms) = preSolution
		Debug|Any CPU = Debug|Any CPU
		Release|Any CPU = Release|Any CPU
	EndGlobalSection
	GlobalSection(ProjectConfigurationPlatforms) = postSolution
		{F239EE52-0270-46D2-AE42-535C1CA4D04B}.Debug|Any CPU.ActiveCfg = Debug|Any CPU
		{F239EE52-0270-46D2-AE42-535C1CA4D04B}.Debug|Any CPU.Build.0 = Debug|Any CPU
		{F239EE52-0270-46D2-AE42-535C1CA4D04B}.Release|Any CPU.ActiveCfg = Release|Any CPU
		{F239EE52-0270-46D2-AE42-535C1CA4D04B}.Release|Any CPU.Build.0 = Release|Any CPU
	EndGlobalSection
	GlobalSection(SolutionProperties) = preSolution
		HideSolutionNode = FALSE
	EndGlobalSection
	GlobalSection(ExtensibilityGlobals) = postSolution
		SolutionGuid = {C2192947-9BB8-4982-97AF-AAE88E9D46E2}
	EndGlobalSection
EndGlobal
